
Microsoft Visual Studio Solution File, Format Version 12.00
# Visual Studio Version 17
VisualStudioVersion = 17.14.36408.4 d17.14
MinimumVisualStudioVersion = 10.0.40219.1
Project("{FAE04EC0-301F-11D3-BF4B-00C04F79EFBC}") = "LanguageLearningPlatform", "LanguageLearningPlatform\LanguageLearningPlatform.csproj", "{CE16B61A-2CC9-4681-9C48-4998A7892898}"
EndProject
Global
	GlobalSection(SolutionConfigurationPlatforms) = preSolution
		Debug|Any CPU = Debug|Any CPU
		Release|Any CPU = Release|Any CPU
	EndGlobalSection
	GlobalSection(ProjectConfigurationPlatforms) = postSolution
		{CE16B61A-2CC9-4681-9C48-4998A7892898}.Debug|Any CPU.ActiveCfg = Debug|Any CPU
		{CE16B61A-2CC9-4681-9C48-4998A7892898}.Debug|Any CPU.Build.0 = Debug|Any CPU
		{CE16B61A-2CC9-4681-9C48-4998A7892898}.Release|Any CPU.ActiveCfg = Release|Any CPU
		{CE16B61A-2CC9-4681-9C48-4998A7892898}.Release|Any CPU.Build.0 = Release|Any CPU
	EndGlobalSection
	GlobalSection(SolutionProperties) = preSolution
		HideSolutionNode = FALSE
	EndGlobalSection
	GlobalSection(ExtensibilityGlobals) = postSolution
		SolutionGuid = {796D0928-7EF7-47B9-8A97-B9463A197BA7}
	EndGlobalSection
EndGlobal
